
Microsoft Visual Studio Solution File, Format Version 12.00
# Visual Studio Version 16
VisualStudioVersion = 16.0.29025.244
MinimumVisualStudioVersion = 10.0.40219.1
Project("{FAE04EC0-301F-11D3-BF4B-00C04F79EFBC}") = "Vidly2", "Vidly2\Vidly2.csproj", "{88556347-E71E-4E49-A477-5B9AC8AAE40A}"
EndProject
Global
	GlobalSection(SolutionConfigurationPlatforms) = preSolution
		Debug|Any CPU = Debug|Any CPU
		Release|Any CPU = Release|Any CPU
	EndGlobalSection
	GlobalSection(ProjectConfigurationPlatforms) = postSolution
		{88556347-E71E-4E49-A477-5B9AC8AAE40A}.Debug|Any CPU.ActiveCfg = Debug|Any CPU
		{88556347-E71E-4E49-A477-5B9AC8AAE40A}.Debug|Any CPU.Build.0 = Debug|Any CPU
		{88556347-E71E-4E49-A477-5B9AC8AAE40A}.Release|Any CPU.ActiveCfg = Release|Any CPU
		{88556347-E71E-4E49-A477-5B9AC8AAE40A}.Release|Any CPU.Build.0 = Release|Any CPU
	EndGlobalSection
	GlobalSection(SolutionProperties) = preSolution
		HideSolutionNode = FALSE
	EndGlobalSection
	GlobalSection(ExtensibilityGlobals) = postSolution
		SolutionGuid = {27B7AB94-0D12-4752-A7FE-12A63D1C8F4D}
	EndGlobalSection
EndGlobal
